// !$*UTF8*$!
{
	archiveVersion = 1;
	classes = {
	};
	objectVersion = 46;
	objects = {

/* Begin PBXBuildFile section */
		6A0271761509FAEA006231DF /* NotesArrayScripts.rb in Resources */ = {isa = PBXBuildFile; fileRef = 6A0271751509FAEA006231DF /* NotesArrayScripts.rb */; };
		6A0B6D7A1504A88100C865AE /* UIKit.framework in Frameworks */ = {isa = PBXBuildFile; fileRef = 6A0B6D791504A88100C865AE /* UIKit.framework */; };
		6A0B6D7C1504A88100C865AE /* Foundation.framework in Frameworks */ = {isa = PBXBuildFile; fileRef = 6A0B6D7B1504A88100C865AE /* Foundation.framework */; };
		6A0B6D7E1504A88100C865AE /* CoreGraphics.framework in Frameworks */ = {isa = PBXBuildFile; fileRef = 6A0B6D7D1504A88100C865AE /* CoreGraphics.framework */; };
		6A0B6D841504A88100C865AE /* InfoPlist.strings in Resources */ = {isa = PBXBuildFile; fileRef = 6A0B6D821504A88100C865AE /* InfoPlist.strings */; };
		6A0B6D861504A88100C865AE /* main.m in Sources */ = {isa = PBXBuildFile; fileRef = 6A0B6D851504A88100C865AE /* main.m */; };
		6A0B6D8A1504A88100C865AE /* AppDelegate.m in Sources */ = {isa = PBXBuildFile; fileRef = 6A0B6D891504A88100C865AE /* AppDelegate.m */; };
		6A0B6D921504A88200C865AE /* SenTestingKit.framework in Frameworks */ = {isa = PBXBuildFile; fileRef = 6A0B6D911504A88100C865AE /* SenTestingKit.framework */; };
		6A0B6D931504A88200C865AE /* UIKit.framework in Frameworks */ = {isa = PBXBuildFile; fileRef = 6A0B6D791504A88100C865AE /* UIKit.framework */; };
		6A0B6D941504A88200C865AE /* Foundation.framework in Frameworks */ = {isa = PBXBuildFile; fileRef = 6A0B6D7B1504A88100C865AE /* Foundation.framework */; };
		6A0B6D9C1504A88200C865AE /* InfoPlist.strings in Resources */ = {isa = PBXBuildFile; fileRef = 6A0B6D9A1504A88200C865AE /* InfoPlist.strings */; };
		6A0B6D9F1504A88200C865AE /* WesternMusicElementsTests.m in Sources */ = {isa = PBXBuildFile; fileRef = 6A0B6D9E1504A88200C865AE /* WesternMusicElementsTests.m */; };
		6A0B6DAB1504AC1900C865AE /* WMNote.m in Sources */ = {isa = PBXBuildFile; fileRef = 6A0B6DAA1504AC1900C865AE /* WMNote.m */; };
		6A5D977E1505FDEB0053B13C /* WMData.m in Sources */ = {isa = PBXBuildFile; fileRef = 6A5D977D1505FDEB0053B13C /* WMData.m */; };
		6A5D977F1505FDEB0053B13C /* WMData.m in Sources */ = {isa = PBXBuildFile; fileRef = 6A5D977D1505FDEB0053B13C /* WMData.m */; };
		6A61BB7C1504B38E003CE524 /* WMPool.m in Sources */ = {isa = PBXBuildFile; fileRef = 6A61BB7B1504B38E003CE524 /* WMPool.m */; };
		6A61CB1C1513B03100945A6E /* chords.json in Resources */ = {isa = PBXBuildFile; fileRef = 6A61CB1B1513B03100945A6E /* chords.json */; };
		6A86F9911504E83B008EA537 /* WMScale.m in Sources */ = {isa = PBXBuildFile; fileRef = 6A86F9901504E83B008EA537 /* WMScale.m */; };
		6A86F9921504E83B008EA537 /* WMScale.m in Sources */ = {isa = PBXBuildFile; fileRef = 6A86F9901504E83B008EA537 /* WMScale.m */; };
		6A86F9A215053448008EA537 /* WMChord.m in Sources */ = {isa = PBXBuildFile; fileRef = 6A86F9A115053448008EA537 /* WMChord.m */; };
		6A86F9A315053448008EA537 /* WMChord.m in Sources */ = {isa = PBXBuildFile; fileRef = 6A86F9A115053448008EA537 /* WMChord.m */; };
		6A8A8A6A1513556600E23464 /* WMRubyData.rb in Resources */ = {isa = PBXBuildFile; fileRef = 6A8A8A691513556600E23464 /* WMRubyData.rb */; };
		6A8A8A751513745F00E23464 /* log.txt in Resources */ = {isa = PBXBuildFile; fileRef = 6A8A8A701513745F00E23464 /* log.txt */; };
		6A8A8A761513745F00E23464 /* log.txt in Resources */ = {isa = PBXBuildFile; fileRef = 6A8A8A701513745F00E23464 /* log.txt */; };
		6A8A8A771513745F00E23464 /* scales.json in Resources */ = {isa = PBXBuildFile; fileRef = 6A8A8A711513745F00E23464 /* scales.json */; };
		6A8A8A781513745F00E23464 /* scales.json in Resources */ = {isa = PBXBuildFile; fileRef = 6A8A8A711513745F00E23464 /* scales.json */; };
		6A8A8A7A15137A1300E23464 /* NoteCollectionParser.rb in Resources */ = {isa = PBXBuildFile; fileRef = 6A8A8A7915137A1300E23464 /* NoteCollectionParser.rb */; };
		6A8A8A7B15137A1300E23464 /* NoteCollectionParser.rb in Resources */ = {isa = PBXBuildFile; fileRef = 6A8A8A7915137A1300E23464 /* NoteCollectionParser.rb */; };
		6AB10B69150F40DD0047FF0E /* WMNoteCollection.m in Sources */ = {isa = PBXBuildFile; fileRef = 6AB10B68150F40DD0047FF0E /* WMNoteCollection.m */; };
		6AB10B6A150F40DD0047FF0E /* WMNoteCollection.m in Sources */ = {isa = PBXBuildFile; fileRef = 6AB10B68150F40DD0047FF0E /* WMNoteCollection.m */; };
		6AB10B77150F649F0047FF0E /* WMNoteCollectionViewController.m in Sources */ = {isa = PBXBuildFile; fileRef = 6AB10B75150F649F0047FF0E /* WMNoteCollectionViewController.m */; };
		6AB10B78150F649F0047FF0E /* WMNoteCollectionViewController.xib in Resources */ = {isa = PBXBuildFile; fileRef = 6AB10B76150F649F0047FF0E /* WMNoteCollectionViewController.xib */; };
		6AB10B7F150F7D250047FF0E /* green_button_off.png in Resources */ = {isa = PBXBuildFile; fileRef = 6AB10B7E150F7D250047FF0E /* green_button_off.png */; };
/* End PBXBuildFile section */

/* Begin PBXContainerItemProxy section */
		6A0B6D951504A88200C865AE /* PBXContainerItemProxy */ = {
			isa = PBXContainerItemProxy;
			containerPortal = 6A0B6D6C1504A88100C865AE /* Project object */;
			proxyType = 1;
			remoteGlobalIDString = 6A0B6D741504A88100C865AE;
			remoteInfo = WesternMusicElements;
		};
/* End PBXContainerItemProxy section */

/* Begin PBXFileReference section */
		6A0271751509FAEA006231DF /* NotesArrayScripts.rb */ = {isa = PBXFileReference; fileEncoding = 4; lastKnownFileType = text.script.ruby; name = NotesArrayScripts.rb; path = Ruby/NotesArrayScripts.rb; sourceTree = "<group>"; };
		6A0B6D751504A88100C865AE /* WesternMusicElements.app */ = {isa = PBXFileReference; explicitFileType = wrapper.application; includeInIndex = 0; path = WesternMusicElements.app; sourceTree = BUILT_PRODUCTS_DIR; };
		6A0B6D791504A88100C865AE /* UIKit.framework */ = {isa = PBXFileReference; lastKnownFileType = wrapper.framework; name = UIKit.framework; path = System/Library/Frameworks/UIKit.framework; sourceTree = SDKROOT; };
		6A0B6D7B1504A88100C865AE /* Foundation.framework */ = {isa = PBXFileReference; lastKnownFileType = wrapper.framework; name = Foundation.framework; path = System/Library/Frameworks/Foundation.framework; sourceTree = SDKROOT; };
		6A0B6D7D1504A88100C865AE /* CoreGraphics.framework */ = {isa = PBXFileReference; lastKnownFileType = wrapper.framework; name = CoreGraphics.framework; path = System/Library/Frameworks/CoreGraphics.framework; sourceTree = SDKROOT; };
		6A0B6D811504A88100C865AE /* WesternMusicElements-Info.plist */ = {isa = PBXFileReference; lastKnownFileType = text.plist.xml; path = "WesternMusicElements-Info.plist"; sourceTree = "<group>"; };
		6A0B6D831504A88100C865AE /* en */ = {isa = PBXFileReference; lastKnownFileType = text.plist.strings; name = en; path = en.lproj/InfoPlist.strings; sourceTree = "<group>"; };
		6A0B6D851504A88100C865AE /* main.m */ = {isa = PBXFileReference; lastKnownFileType = sourcecode.c.objc; path = main.m; sourceTree = "<group>"; };
		6A0B6D871504A88100C865AE /* WesternMusicElements-Prefix.pch */ = {isa = PBXFileReference; lastKnownFileType = sourcecode.c.h; path = "WesternMusicElements-Prefix.pch"; sourceTree = "<group>"; };
		6A0B6D881504A88100C865AE /* AppDelegate.h */ = {isa = PBXFileReference; lastKnownFileType = sourcecode.c.h; path = AppDelegate.h; sourceTree = "<group>"; };
		6A0B6D891504A88100C865AE /* AppDelegate.m */ = {isa = PBXFileReference; lastKnownFileType = sourcecode.c.objc; path = AppDelegate.m; sourceTree = "<group>"; };
		6A0B6D901504A88100C865AE /* WesternMusicElementsTests.octest */ = {isa = PBXFileReference; explicitFileType = wrapper.cfbundle; includeInIndex = 0; path = WesternMusicElementsTests.octest; sourceTree = BUILT_PRODUCTS_DIR; };
		6A0B6D911504A88100C865AE /* SenTestingKit.framework */ = {isa = PBXFileReference; lastKnownFileType = wrapper.framework; name = SenTestingKit.framework; path = Library/Frameworks/SenTestingKit.framework; sourceTree = DEVELOPER_DIR; };
		6A0B6D991504A88200C865AE /* WesternMusicElementsTests-Info.plist */ = {isa = PBXFileReference; lastKnownFileType = text.plist.xml; path = "WesternMusicElementsTests-Info.plist"; sourceTree = "<group>"; };
		6A0B6D9B1504A88200C865AE /* en */ = {isa = PBXFileReference; lastKnownFileType = text.plist.strings; name = en; path = en.lproj/InfoPlist.strings; sourceTree = "<group>"; };
		6A0B6D9D1504A88200C865AE /* WesternMusicElementsTests.h */ = {isa = PBXFileReference; lastKnownFileType = sourcecode.c.h; path = WesternMusicElementsTests.h; sourceTree = "<group>"; };
		6A0B6D9E1504A88200C865AE /* WesternMusicElementsTests.m */ = {isa = PBXFileReference; lastKnownFileType = sourcecode.c.objc; path = WesternMusicElementsTests.m; sourceTree = "<group>"; };
		6A0B6DA91504AC1900C865AE /* WMNote.h */ = {isa = PBXFileReference; fileEncoding = 4; lastKnownFileType = sourcecode.c.h; lineEnding = 0; name = WMNote.h; path = Model/WMNote.h; sourceTree = "<group>"; xcLanguageSpecificationIdentifier = xcode.lang.objcpp; };
		6A0B6DAA1504AC1900C865AE /* WMNote.m */ = {isa = PBXFileReference; fileEncoding = 4; lastKnownFileType = sourcecode.c.objc; lineEnding = 0; name = WMNote.m; path = Model/WMNote.m; sourceTree = "<group>"; xcLanguageSpecificationIdentifier = xcode.lang.objc; };
		6A5D977C1505FDEB0053B13C /* WMData.h */ = {isa = PBXFileReference; fileEncoding = 4; lastKnownFileType = sourcecode.c.h; lineEnding = 0; name = WMData.h; path = Model/WMData.h; sourceTree = "<group>"; xcLanguageSpecificationIdentifier = xcode.lang.objcpp; };
		6A5D977D1505FDEB0053B13C /* WMData.m */ = {isa = PBXFileReference; fileEncoding = 4; lastKnownFileType = sourcecode.c.objc; lineEnding = 0; name = WMData.m; path = Model/WMData.m; sourceTree = "<group>"; xcLanguageSpecificationIdentifier = xcode.lang.objc; };
		6A61BB7A1504B38E003CE524 /* WMPool.h */ = {isa = PBXFileReference; fileEncoding = 4; lastKnownFileType = sourcecode.c.h; lineEnding = 0; name = WMPool.h; path = Model/WMPool.h; sourceTree = "<group>"; xcLanguageSpecificationIdentifier = xcode.lang.objcpp; };
		6A61BB7B1504B38E003CE524 /* WMPool.m */ = {isa = PBXFileReference; fileEncoding = 4; lastKnownFileType = sourcecode.c.objc; lineEnding = 0; name = WMPool.m; path = Model/WMPool.m; sourceTree = "<group>"; xcLanguageSpecificationIdentifier = xcode.lang.objc; };
		6A61CB1B1513B03100945A6E /* chords.json */ = {isa = PBXFileReference; fileEncoding = 4; lastKnownFileType = text.json; name = chords.json; path = Ruby/chords.json; sourceTree = "<group>"; };
		6A86F98F1504E83B008EA537 /* WMScale.h */ = {isa = PBXFileReference; fileEncoding = 4; lastKnownFileType = sourcecode.c.h; lineEnding = 0; name = WMScale.h; path = Model/WMScale.h; sourceTree = "<group>"; xcLanguageSpecificationIdentifier = xcode.lang.objcpp; };
		6A86F9901504E83B008EA537 /* WMScale.m */ = {isa = PBXFileReference; fileEncoding = 4; lastKnownFileType = sourcecode.c.objc; lineEnding = 0; name = WMScale.m; path = Model/WMScale.m; sourceTree = "<group>"; xcLanguageSpecificationIdentifier = xcode.lang.objc; };
		6A86F9A015053448008EA537 /* WMChord.h */ = {isa = PBXFileReference; fileEncoding = 4; lastKnownFileType = sourcecode.c.h; lineEnding = 0; name = WMChord.h; path = Model/WMChord.h; sourceTree = "<group>"; xcLanguageSpecificationIdentifier = xcode.lang.objcpp; };
		6A86F9A115053448008EA537 /* WMChord.m */ = {isa = PBXFileReference; fileEncoding = 4; lastKnownFileType = sourcecode.c.objc; lineEnding = 0; name = WMChord.m; path = Model/WMChord.m; sourceTree = "<group>"; xcLanguageSpecificationIdentifier = xcode.lang.objc; };
		6A8A8A691513556600E23464 /* WMRubyData.rb */ = {isa = PBXFileReference; fileEncoding = 4; lastKnownFileType = text.script.ruby; name = WMRubyData.rb; path = Ruby/WMRubyData.rb; sourceTree = "<group>"; };
		6A8A8A701513745F00E23464 /* log.txt */ = {isa = PBXFileReference; fileEncoding = 4; lastKnownFileType = text; name = log.txt; path = Ruby/log.txt; sourceTree = "<group>"; };
		6A8A8A711513745F00E23464 /* scales.json */ = {isa = PBXFileReference; fileEncoding = 4; lastKnownFileType = text.json; name = scales.json; path = Ruby/scales.json; sourceTree = "<group>"; };
		6A8A8A721513745F00E23464 /* WMNoteCollectionKeys.h */ = {isa = PBXFileReference; fileEncoding = 4; lastKnownFileType = sourcecode.c.h; name = WMNoteCollectionKeys.h; path = Ruby/WMNoteCollectionKeys.h; sourceTree = "<group>"; };
		6A8A8A7915137A1300E23464 /* NoteCollectionParser.rb */ = {isa = PBXFileReference; fileEncoding = 4; lastKnownFileType = text.script.ruby; lineEnding = 0; name = NoteCollectionParser.rb; path = Ruby/NoteCollectionParser.rb; sourceTree = "<group>"; xcLanguageSpecificationIdentifier = xcode.lang.ruby; };
		6AB10B67150F40DD0047FF0E /* WMNoteCollection.h */ = {isa = PBXFileReference; fileEncoding = 4; lastKnownFileType = sourcecode.c.h; name = WMNoteCollection.h; path = Model/WMNoteCollection.h; sourceTree = "<group>"; };
		6AB10B68150F40DD0047FF0E /* WMNoteCollection.m */ = {isa = PBXFileReference; fileEncoding = 4; lastKnownFileType = sourcecode.c.objc; name = WMNoteCollection.m; path = Model/WMNoteCollection.m; sourceTree = "<group>"; };
		6AB10B74150F649F0047FF0E /* WMNoteCollectionViewController.h */ = {isa = PBXFileReference; fileEncoding = 4; lastKnownFileType = sourcecode.c.h; name = WMNoteCollectionViewController.h; path = Controller/WMNoteCollectionViewController.h; sourceTree = "<group>"; };
		6AB10B75150F649F0047FF0E /* WMNoteCollectionViewController.m */ = {isa = PBXFileReference; fileEncoding = 4; lastKnownFileType = sourcecode.c.objc; lineEnding = 0; name = WMNoteCollectionViewController.m; path = Controller/WMNoteCollectionViewController.m; sourceTree = "<group>"; xcLanguageSpecificationIdentifier = xcode.lang.objc; };
		6AB10B76150F649F0047FF0E /* WMNoteCollectionViewController.xib */ = {isa = PBXFileReference; fileEncoding = 4; lastKnownFileType = file.xib; name = WMNoteCollectionViewController.xib; path = Controller/WMNoteCollectionViewController.xib; sourceTree = "<group>"; };
		6AB10B7E150F7D250047FF0E /* green_button_off.png */ = {isa = PBXFileReference; lastKnownFileType = image.png; path = green_button_off.png; sourceTree = "<group>"; };
/* End PBXFileReference section */

/* Begin PBXFrameworksBuildPhase section */
		6A0B6D721504A88100C865AE /* Frameworks */ = {
			isa = PBXFrameworksBuildPhase;
			buildActionMask = 2147483647;
			files = (
				6A0B6D7A1504A88100C865AE /* UIKit.framework in Frameworks */,
				6A0B6D7C1504A88100C865AE /* Foundation.framework in Frameworks */,
				6A0B6D7E1504A88100C865AE /* CoreGraphics.framework in Frameworks */,
			);
			runOnlyForDeploymentPostprocessing = 0;
		};
		6A0B6D8C1504A88100C865AE /* Frameworks */ = {
			isa = PBXFrameworksBuildPhase;
			buildActionMask = 2147483647;
			files = (
				6A0B6D921504A88200C865AE /* SenTestingKit.framework in Frameworks */,
				6A0B6D931504A88200C865AE /* UIKit.framework in Frameworks */,
				6A0B6D941504A88200C865AE /* Foundation.framework in Frameworks */,
			);
			runOnlyForDeploymentPostprocessing = 0;
		};
/* End PBXFrameworksBuildPhase section */

/* Begin PBXGroup section */
		6A0271741509F926006231DF /* Ruby */ = {
			isa = PBXGroup;
			children = (
				6A8A8A701513745F00E23464 /* log.txt */,
				6A61CB1B1513B03100945A6E /* chords.json */,
				6A8A8A711513745F00E23464 /* scales.json */,
				6A8A8A721513745F00E23464 /* WMNoteCollectionKeys.h */,
				6A0271751509FAEA006231DF /* NotesArrayScripts.rb */,
				6A8A8A691513556600E23464 /* WMRubyData.rb */,
				6A8A8A7915137A1300E23464 /* NoteCollectionParser.rb */,
			);
			name = Ruby;
			sourceTree = "<group>";
		};
		6A0B6D6A1504A88100C865AE = {
			isa = PBXGroup;
			children = (
				6A0B6D7F1504A88100C865AE /* WesternMusicElements */,
				6A0B6D971504A88200C865AE /* WesternMusicElementsTests */,
				6A0B6D781504A88100C865AE /* Frameworks */,
				6A0B6D761504A88100C865AE /* Products */,
			);
			sourceTree = "<group>";
		};
		6A0B6D761504A88100C865AE /* Products */ = {
			isa = PBXGroup;
			children = (
				6A0B6D751504A88100C865AE /* WesternMusicElements.app */,
				6A0B6D901504A88100C865AE /* WesternMusicElementsTests.octest */,
			);
			name = Products;
			sourceTree = "<group>";
		};
		6A0B6D781504A88100C865AE /* Frameworks */ = {
			isa = PBXGroup;
			children = (
				6A0B6D791504A88100C865AE /* UIKit.framework */,
				6A0B6D7B1504A88100C865AE /* Foundation.framework */,
				6A0B6D7D1504A88100C865AE /* CoreGraphics.framework */,
				6A0B6D911504A88100C865AE /* SenTestingKit.framework */,
			);
			name = Frameworks;
			sourceTree = "<group>";
		};
		6A0B6D7F1504A88100C865AE /* WesternMusicElements */ = {
			isa = PBXGroup;
			children = (
				6A0271741509F926006231DF /* Ruby */,
				6A86F9A815055475008EA537 /* Helpers */,
				6A86F9981504FD46008EA537 /* Controllers */,
				6A0B6DA81504AB7D00C865AE /* Model */,
				6A0B6D881504A88100C865AE /* AppDelegate.h */,
				6A0B6D891504A88100C865AE /* AppDelegate.m */,
				6A0B6D801504A88100C865AE /* Supporting Files */,
			);
			path = WesternMusicElements;
			sourceTree = "<group>";
		};
		6A0B6D801504A88100C865AE /* Supporting Files */ = {
			isa = PBXGroup;
			children = (
				6A0B6D811504A88100C865AE /* WesternMusicElements-Info.plist */,
				6A0B6D821504A88100C865AE /* InfoPlist.strings */,
				6A0B6D851504A88100C865AE /* main.m */,
				6A0B6D871504A88100C865AE /* WesternMusicElements-Prefix.pch */,
			);
			name = "Supporting Files";
			sourceTree = "<group>";
		};
		6A0B6D971504A88200C865AE /* WesternMusicElementsTests */ = {
			isa = PBXGroup;
			children = (
				6A0B6D9D1504A88200C865AE /* WesternMusicElementsTests.h */,
				6A0B6D9E1504A88200C865AE /* WesternMusicElementsTests.m */,
				6A0B6D981504A88200C865AE /* Supporting Files */,
			);
			path = WesternMusicElementsTests;
			sourceTree = "<group>";
		};
		6A0B6D981504A88200C865AE /* Supporting Files */ = {
			isa = PBXGroup;
			children = (
				6A0B6D991504A88200C865AE /* WesternMusicElementsTests-Info.plist */,
				6A0B6D9A1504A88200C865AE /* InfoPlist.strings */,
			);
			name = "Supporting Files";
			sourceTree = "<group>";
		};
		6A0B6DA81504AB7D00C865AE /* Model */ = {
			isa = PBXGroup;
			children = (
				6A5D977C1505FDEB0053B13C /* WMData.h */,
				6A5D977D1505FDEB0053B13C /* WMData.m */,
				6A0B6DA91504AC1900C865AE /* WMNote.h */,
				6A0B6DAA1504AC1900C865AE /* WMNote.m */,
				6AB10B67150F40DD0047FF0E /* WMNoteCollection.h */,
				6AB10B68150F40DD0047FF0E /* WMNoteCollection.m */,
				6A86F98F1504E83B008EA537 /* WMScale.h */,
				6A86F9901504E83B008EA537 /* WMScale.m */,
				6A86F9A015053448008EA537 /* WMChord.h */,
				6A86F9A115053448008EA537 /* WMChord.m */,
				6A61BB7A1504B38E003CE524 /* WMPool.h */,
				6A61BB7B1504B38E003CE524 /* WMPool.m */,
			);
			name = Model;
			sourceTree = "<group>";
		};
		6A86F9981504FD46008EA537 /* Controllers */ = {
			isa = PBXGroup;
			children = (
				6AB10B74150F649F0047FF0E /* WMNoteCollectionViewController.h */,
				6AB10B75150F649F0047FF0E /* WMNoteCollectionViewController.m */,
				6AB10B76150F649F0047FF0E /* WMNoteCollectionViewController.xib */,
				6AB10B7E150F7D250047FF0E /* green_button_off.png */,
			);
			name = Controllers;
			sourceTree = "<group>";
		};
		6A86F9A815055475008EA537 /* Helpers */ = {
			isa = PBXGroup;
			children = (
			);
			name = Helpers;
			sourceTree = "<group>";
		};
/* End PBXGroup section */

/* Begin PBXNativeTarget section */
		6A0B6D741504A88100C865AE /* WesternMusicElements */ = {
			isa = PBXNativeTarget;
			buildConfigurationList = 6A0B6DA21504A88200C865AE /* Build configuration list for PBXNativeTarget "WesternMusicElements" */;
			buildPhases = (
				6A0B6D711504A88100C865AE /* Sources */,
				6A0B6D721504A88100C865AE /* Frameworks */,
				6A0B6D731504A88100C865AE /* Resources */,
			);
			buildRules = (
			);
			dependencies = (
			);
			name = WesternMusicElements;
			productName = WesternMusicElements;
			productReference = 6A0B6D751504A88100C865AE /* WesternMusicElements.app */;
			productType = "com.apple.product-type.application";
		};
		6A0B6D8F1504A88100C865AE /* WesternMusicElementsTests */ = {
			isa = PBXNativeTarget;
			buildConfigurationList = 6A0B6DA51504A88200C865AE /* Build configuration list for PBXNativeTarget "WesternMusicElementsTests" */;
			buildPhases = (
				6A0B6D8B1504A88100C865AE /* Sources */,
				6A0B6D8C1504A88100C865AE /* Frameworks */,
				6A0B6D8D1504A88100C865AE /* Resources */,
				6A0B6D8E1504A88100C865AE /* ShellScript */,
			);
			buildRules = (
			);
			dependencies = (
				6A0B6D961504A88200C865AE /* PBXTargetDependency */,
			);
			name = WesternMusicElementsTests;
			productName = WesternMusicElementsTests;
			productReference = 6A0B6D901504A88100C865AE /* WesternMusicElementsTests.octest */;
			productType = "com.apple.product-type.bundle";
		};
/* End PBXNativeTarget section */

/* Begin PBXProject section */
		6A0B6D6C1504A88100C865AE /* Project object */ = {
			isa = PBXProject;
			attributes = {
				LastUpgradeCheck = 0430;
				ORGANIZATIONNAME = "International MicrOondes";
			};
			buildConfigurationList = 6A0B6D6F1504A88100C865AE /* Build configuration list for PBXProject "WesternMusicElements" */;
			compatibilityVersion = "Xcode 3.2";
			developmentRegion = English;
			hasScannedForEncodings = 0;
			knownRegions = (
				en,
			);
			mainGroup = 6A0B6D6A1504A88100C865AE;
			productRefGroup = 6A0B6D761504A88100C865AE /* Products */;
			projectDirPath = "";
			projectRoot = "";
			targets = (
				6A0B6D741504A88100C865AE /* WesternMusicElements */,
				6A0B6D8F1504A88100C865AE /* WesternMusicElementsTests */,
			);
		};
/* End PBXProject section */

/* Begin PBXResourcesBuildPhase section */
		6A0B6D731504A88100C865AE /* Resources */ = {
			isa = PBXResourcesBuildPhase;
			buildActionMask = 2147483647;
			files = (
				6A0B6D841504A88100C865AE /* InfoPlist.strings in Resources */,
				6A0271761509FAEA006231DF /* NotesArrayScripts.rb in Resources */,
				6AB10B78150F649F0047FF0E /* WMNoteCollectionViewController.xib in Resources */,
				6AB10B7F150F7D250047FF0E /* green_button_off.png in Resources */,
				6A8A8A6A1513556600E23464 /* WMRubyData.rb in Resources */,
				6A8A8A751513745F00E23464 /* log.txt in Resources */,
				6A8A8A771513745F00E23464 /* scales.json in Resources */,
				6A8A8A7A15137A1300E23464 /* NoteCollectionParser.rb in Resources */,
				6A61CB1C1513B03100945A6E /* chords.json in Resources */,
			);
			runOnlyForDeploymentPostprocessing = 0;
		};
		6A0B6D8D1504A88100C865AE /* Resources */ = {
			isa = PBXResourcesBuildPhase;
			buildActionMask = 2147483647;
			files = (
				6A0B6D9C1504A88200C865AE /* InfoPlist.strings in Resources */,
				6A8A8A761513745F00E23464 /* log.txt in Resources */,
				6A8A8A781513745F00E23464 /* scales.json in Resources */,
				6A8A8A7B15137A1300E23464 /* NoteCollectionParser.rb in Resources */,
			);
			runOnlyForDeploymentPostprocessing = 0;
		};
/* End PBXResourcesBuildPhase section */

/* Begin PBXShellScriptBuildPhase section */
		6A0B6D8E1504A88100C865AE /* ShellScript */ = {
			isa = PBXShellScriptBuildPhase;
			buildActionMask = 2147483647;
			files = (
			);
			inputPaths = (
			);
			outputPaths = (
			);
			runOnlyForDeploymentPostprocessing = 0;
			shellPath = /bin/sh;
			shellScript = "# Run the unit tests in this test bundle.\n\"${SYSTEM_DEVELOPER_DIR}/Tools/RunUnitTests\"\n";
		};
/* End PBXShellScriptBuildPhase section */

/* Begin PBXSourcesBuildPhase section */
		6A0B6D711504A88100C865AE /* Sources */ = {
			isa = PBXSourcesBuildPhase;
			buildActionMask = 2147483647;
			files = (
				6A0B6D861504A88100C865AE /* main.m in Sources */,
				6A0B6D8A1504A88100C865AE /* AppDelegate.m in Sources */,
				6A0B6DAB1504AC1900C865AE /* WMNote.m in Sources */,
				6A61BB7C1504B38E003CE524 /* WMPool.m in Sources */,
				6A86F9911504E83B008EA537 /* WMScale.m in Sources */,
				6A86F9A215053448008EA537 /* WMChord.m in Sources */,
				6A5D977E1505FDEB0053B13C /* WMData.m in Sources */,
				6AB10B69150F40DD0047FF0E /* WMNoteCollection.m in Sources */,
				6AB10B77150F649F0047FF0E /* WMNoteCollectionViewController.m in Sources */,
			);
			runOnlyForDeploymentPostprocessing = 0;
		};
		6A0B6D8B1504A88100C865AE /* Sources */ = {
			isa = PBXSourcesBuildPhase;
			buildActionMask = 2147483647;
			files = (
				6A0B6D9F1504A88200C865AE /* WesternMusicElementsTests.m in Sources */,
				6A86F9921504E83B008EA537 /* WMScale.m in Sources */,
				6A86F9A315053448008EA537 /* WMChord.m in Sources */,
				6A5D977F1505FDEB0053B13C /* WMData.m in Sources */,
				6AB10B6A150F40DD0047FF0E /* WMNoteCollection.m in Sources */,
			);
			runOnlyForDeploymentPostprocessing = 0;
		};
/* End PBXSourcesBuildPhase section */

/* Begin PBXTargetDependency section */
		6A0B6D961504A88200C865AE /* PBXTargetDependency */ = {
			isa = PBXTargetDependency;
			target = 6A0B6D741504A88100C865AE /* WesternMusicElements */;
			targetProxy = 6A0B6D951504A88200C865AE /* PBXContainerItemProxy */;
		};
/* End PBXTargetDependency section */

/* Begin PBXVariantGroup section */
		6A0B6D821504A88100C865AE /* InfoPlist.strings */ = {
			isa = PBXVariantGroup;
			children = (
				6A0B6D831504A88100C865AE /* en */,
			);
			name = InfoPlist.strings;
			sourceTree = "<group>";
		};
		6A0B6D9A1504A88200C865AE /* InfoPlist.strings */ = {
			isa = PBXVariantGroup;
			children = (
				6A0B6D9B1504A88200C865AE /* en */,
			);
			name = InfoPlist.strings;
			sourceTree = "<group>";
		};
/* End PBXVariantGroup section */

/* Begin XCBuildConfiguration section */
		6A0B6DA01504A88200C865AE /* Debug */ = {
			isa = XCBuildConfiguration;
			buildSettings = {
				ALWAYS_SEARCH_USER_PATHS = NO;
				ARCHS = "$(ARCHS_STANDARD_32_BIT)";
				CLANG_ENABLE_OBJC_ARC = YES;
				"CODE_SIGN_IDENTITY[sdk=iphoneos*]" = "iPhone Developer";
				COPY_PHASE_STRIP = NO;
				GCC_C_LANGUAGE_STANDARD = gnu99;
				GCC_DYNAMIC_NO_PIC = NO;
				GCC_OPTIMIZATION_LEVEL = 0;
				GCC_PREPROCESSOR_DEFINITIONS = (
					"DEBUG=1",
					"$(inherited)",
				);
				GCC_SYMBOLS_PRIVATE_EXTERN = NO;
				GCC_VERSION = com.apple.compilers.llvm.clang.1_0;
				GCC_WARN_ABOUT_RETURN_TYPE = YES;
				GCC_WARN_UNINITIALIZED_AUTOS = YES;
				GCC_WARN_UNUSED_VARIABLE = YES;
				IPHONEOS_DEPLOYMENT_TARGET = 5.0;
				SDKROOT = iphoneos;
			};
			name = Debug;
		};
		6A0B6DA11504A88200C865AE /* Release */ = {
			isa = XCBuildConfiguration;
			buildSettings = {
				ALWAYS_SEARCH_USER_PATHS = NO;
				ARCHS = "$(ARCHS_STANDARD_32_BIT)";
				CLANG_ENABLE_OBJC_ARC = YES;
				"CODE_SIGN_IDENTITY[sdk=iphoneos*]" = "iPhone Developer";
				COPY_PHASE_STRIP = YES;
				GCC_C_LANGUAGE_STANDARD = gnu99;
				GCC_VERSION = com.apple.compilers.llvm.clang.1_0;
				GCC_WARN_ABOUT_RETURN_TYPE = YES;
				GCC_WARN_UNINITIALIZED_AUTOS = YES;
				GCC_WARN_UNUSED_VARIABLE = YES;
				IPHONEOS_DEPLOYMENT_TARGET = 5.0;
				OTHER_CFLAGS = "-DNS_BLOCK_ASSERTIONS=1";
				SDKROOT = iphoneos;
				VALIDATE_PRODUCT = YES;
			};
			name = Release;
		};
		6A0B6DA31504A88200C865AE /* Debug */ = {
			isa = XCBuildConfiguration;
			buildSettings = {
				GCC_PRECOMPILE_PREFIX_HEADER = YES;
				GCC_PREFIX_HEADER = "WesternMusicElements/WesternMusicElements-Prefix.pch";
				INFOPLIST_FILE = "WesternMusicElements/WesternMusicElements-Info.plist";
				PRODUCT_NAME = "$(TARGET_NAME)";
				WRAPPER_EXTENSION = app;
			};
			name = Debug;
		};
		6A0B6DA41504A88200C865AE /* Release */ = {
			isa = XCBuildConfiguration;
			buildSettings = {
				GCC_PRECOMPILE_PREFIX_HEADER = YES;
				GCC_PREFIX_HEADER = "WesternMusicElements/WesternMusicElements-Prefix.pch";
				INFOPLIST_FILE = "WesternMusicElements/WesternMusicElements-Info.plist";
				PRODUCT_NAME = "$(TARGET_NAME)";
				WRAPPER_EXTENSION = app;
			};
			name = Release;
		};
		6A0B6DA61504A88200C865AE /* Debug */ = {
			isa = XCBuildConfiguration;
			buildSettings = {
				BUNDLE_LOADER = "$(BUILT_PRODUCTS_DIR)/WesternMusicElements.app/WesternMusicElements";
				FRAMEWORK_SEARCH_PATHS = (
					"$(SDKROOT)/Developer/Library/Frameworks",
					"$(DEVELOPER_LIBRARY_DIR)/Frameworks",
				);
				GCC_PRECOMPILE_PREFIX_HEADER = YES;
				GCC_PREFIX_HEADER = "WesternMusicElements/WesternMusicElements-Prefix.pch";
				INFOPLIST_FILE = "WesternMusicElementsTests/WesternMusicElementsTests-Info.plist";
				PRODUCT_NAME = "$(TARGET_NAME)";
				TEST_HOST = "$(BUNDLE_LOADER)";
				WRAPPER_EXTENSION = octest;
			};
			name = Debug;
		};
		6A0B6DA71504A88200C865AE /* Release */ = {
			isa = XCBuildConfiguration;
			buildSettings = {
				BUNDLE_LOADER = "$(BUILT_PRODUCTS_DIR)/WesternMusicElements.app/WesternMusicElements";
				FRAMEWORK_SEARCH_PATHS = (
					"$(SDKROOT)/Developer/Library/Frameworks",
					"$(DEVELOPER_LIBRARY_DIR)/Frameworks",
				);
				GCC_PRECOMPILE_PREFIX_HEADER = YES;
				GCC_PREFIX_HEADER = "WesternMusicElements/WesternMusicElements-Prefix.pch";
				INFOPLIST_FILE = "WesternMusicElementsTests/WesternMusicElementsTests-Info.plist";
				PRODUCT_NAME = "$(TARGET_NAME)";
				TEST_HOST = "$(BUNDLE_LOADER)";
				WRAPPER_EXTENSION = octest;
			};
			name = Release;
		};
/* End XCBuildConfiguration section */

/* Begin XCConfigurationList section */
		6A0B6D6F1504A88100C865AE /* Build configuration list for PBXProject "WesternMusicElements" */ = {
			isa = XCConfigurationList;
			buildConfigurations = (
				6A0B6DA01504A88200C865AE /* Debug */,
				6A0B6DA11504A88200C865AE /* Release */,
			);
			defaultConfigurationIsVisible = 0;
			defaultConfigurationName = Release;
		};
		6A0B6DA21504A88200C865AE /* Build configuration list for PBXNativeTarget "WesternMusicElements" */ = {
			isa = XCConfigurationList;
			buildConfigurations = (
				6A0B6DA31504A88200C865AE /* Debug */,
				6A0B6DA41504A88200C865AE /* Release */,
			);
			defaultConfigurationIsVisible = 0;
			defaultConfigurationName = Release;
		};
		6A0B6DA51504A88200C865AE /* Build configuration list for PBXNativeTarget "WesternMusicElementsTests" */ = {
			isa = XCConfigurationList;
			buildConfigurations = (
				6A0B6DA61504A88200C865AE /* Debug */,
				6A0B6DA71504A88200C865AE /* Release */,
			);
			defaultConfigurationIsVisible = 0;
			defaultConfigurationName = Release;
		};
/* End XCConfigurationList section */
	};
	rootObject = 6A0B6D6C1504A88100C865AE /* Project object */;
}
